
Microsoft Visual Studio Solution File, Format Version 12.00
# Visual Studio 15
VisualStudioVersion = 15.0.26430.6
MinimumVisualStudioVersion = 10.0.40219.1
Project("{FAE04EC0-301F-11D3-BF4B-00C04F79EFBC}") = "CoursesAndroidFull", "CoursesAndroidFull\CoursesAndroidFull.csproj", "{C7B0AC40-8032-4376-ADFF-4AF6AB758F17}"
EndProject
Project("{FAE04EC0-301F-11D3-BF4B-00C04F79EFBC}") = "CoursesIOSFull", "CoursesIOSFull\CoursesIOSFull.csproj", "{CE4DEDBD-0228-42B8-9D36-AE46484ADAED}"
EndProject
Global
	GlobalSection(SolutionConfigurationPlatforms) = preSolution
		Ad-Hoc|Any CPU = Ad-Hoc|Any CPU
		Ad-Hoc|iPhone = Ad-Hoc|iPhone
		Ad-Hoc|iPhoneSimulator = Ad-Hoc|iPhoneSimulator
		AppStore|Any CPU = AppStore|Any CPU
		AppStore|iPhone = AppStore|iPhone
		AppStore|iPhoneSimulator = AppStore|iPhoneSimulator
		Debug|Any CPU = Debug|Any CPU
		Debug|iPhone = Debug|iPhone
		Debug|iPhoneSimulator = Debug|iPhoneSimulator
		Release|Any CPU = Release|Any CPU
		Release|iPhone = Release|iPhone
		Release|iPhoneSimulator = Release|iPhoneSimulator
	EndGlobalSection
	GlobalSection(ProjectConfigurationPlatforms) = postSolution
		{C7B0AC40-8032-4376-ADFF-4AF6AB758F17}.Ad-Hoc|Any CPU.ActiveCfg = Release|Any CPU
		{C7B0AC40-8032-4376-ADFF-4AF6AB758F17}.Ad-Hoc|Any CPU.Build.0 = Release|Any CPU
		{C7B0AC40-8032-4376-ADFF-4AF6AB758F17}.Ad-Hoc|Any CPU.Deploy.0 = Release|Any CPU
		{C7B0AC40-8032-4376-ADFF-4AF6AB758F17}.Ad-Hoc|iPhone.ActiveCfg = Release|Any CPU
		{C7B0AC40-8032-4376-ADFF-4AF6AB758F17}.Ad-Hoc|iPhone.Build.0 = Release|Any CPU
		{C7B0AC40-8032-4376-ADFF-4AF6AB758F17}.Ad-Hoc|iPhone.Deploy.0 = Release|Any CPU
		{C7B0AC40-8032-4376-ADFF-4AF6AB758F17}.Ad-Hoc|iPhoneSimulator.ActiveCfg = Release|Any CPU
		{C7B0AC40-8032-4376-ADFF-4AF6AB758F17}.Ad-Hoc|iPhoneSimulator.Build.0 = Release|Any CPU
		{C7B0AC40-8032-4376-ADFF-4AF6AB758F17}.Ad-Hoc|iPhoneSimulator.Deploy.0 = Release|Any CPU
		{C7B0AC40-8032-4376-ADFF-4AF6AB758F17}.AppStore|Any CPU.ActiveCfg = Release|Any CPU
		{C7B0AC40-8032-4376-ADFF-4AF6AB758F17}.AppStore|Any CPU.Build.0 = Release|Any CPU
		{C7B0AC40-8032-4376-ADFF-4AF6AB758F17}.AppStore|Any CPU.Deploy.0 = Release|Any CPU
		{C7B0AC40-8032-4376-ADFF-4AF6AB758F17}.AppStore|iPhone.ActiveCfg = Release|Any CPU
		{C7B0AC40-8032-4376-ADFF-4AF6AB758F17}.AppStore|iPhone.Build.0 = Release|Any CPU
		{C7B0AC40-8032-4376-ADFF-4AF6AB758F17}.AppStore|iPhone.Deploy.0 = Release|Any CPU
		{C7B0AC40-8032-4376-ADFF-4AF6AB758F17}.AppStore|iPhoneSimulator.ActiveCfg = Release|Any CPU
		{C7B0AC40-8032-4376-ADFF-4AF6AB758F17}.AppStore|iPhoneSimulator.Build.0 = Release|Any CPU
		{C7B0AC40-8032-4376-ADFF-4AF6AB758F17}.AppStore|iPhoneSimulator.Deploy.0 = Release|Any CPU
		{C7B0AC40-8032-4376-ADFF-4AF6AB758F17}.Debug|Any CPU.ActiveCfg = Debug|Any CPU
		{C7B0AC40-8032-4376-ADFF-4AF6AB758F17}.Debug|Any CPU.Build.0 = Debug|Any CPU
		{C7B0AC40-8032-4376-ADFF-4AF6AB758F17}.Debug|Any CPU.Deploy.0 = Debug|Any CPU
		{C7B0AC40-8032-4376-ADFF-4AF6AB758F17}.Debug|iPhone.ActiveCfg = Debug|Any CPU
		{C7B0AC40-8032-4376-ADFF-4AF6AB758F17}.Debug|iPhone.Build.0 = Debug|Any CPU
		{C7B0AC40-8032-4376-ADFF-4AF6AB758F17}.Debug|iPhone.Deploy.0 = Debug|Any CPU
		{C7B0AC40-8032-4376-ADFF-4AF6AB758F17}.Debug|iPhoneSimulator.ActiveCfg = Debug|Any CPU
		{C7B0AC40-8032-4376-ADFF-4AF6AB758F17}.Debug|iPhoneSimulator.Build.0 = Debug|Any CPU
		{C7B0AC40-8032-4376-ADFF-4AF6AB758F17}.Debug|iPhoneSimulator.Deploy.0 = Debug|Any CPU
		{C7B0AC40-8032-4376-ADFF-4AF6AB758F17}.Release|Any CPU.ActiveCfg = Release|Any CPU
		{C7B0AC40-8032-4376-ADFF-4AF6AB758F17}.Release|Any CPU.Build.0 = Release|Any CPU
		{C7B0AC40-8032-4376-ADFF-4AF6AB758F17}.Release|Any CPU.Deploy.0 = Release|Any CPU
		{C7B0AC40-8032-4376-ADFF-4AF6AB758F17}.Release|iPhone.ActiveCfg = Release|Any CPU
		{C7B0AC40-8032-4376-ADFF-4AF6AB758F17}.Release|iPhone.Build.0 = Release|Any CPU
		{C7B0AC40-8032-4376-ADFF-4AF6AB758F17}.Release|iPhone.Deploy.0 = Release|Any CPU
		{C7B0AC40-8032-4376-ADFF-4AF6AB758F17}.Release|iPhoneSimulator.ActiveCfg = Release|Any CPU
		{C7B0AC40-8032-4376-ADFF-4AF6AB758F17}.Release|iPhoneSimulator.Build.0 = Release|Any CPU
		{C7B0AC40-8032-4376-ADFF-4AF6AB758F17}.Release|iPhoneSimulator.Deploy.0 = Release|Any CPU
		{CE4DEDBD-0228-42B8-9D36-AE46484ADAED}.Ad-Hoc|Any CPU.ActiveCfg = Ad-Hoc|iPhone
		{CE4DEDBD-0228-42B8-9D36-AE46484ADAED}.Ad-Hoc|iPhone.ActiveCfg = Ad-Hoc|iPhone
		{CE4DEDBD-0228-42B8-9D36-AE46484ADAED}.Ad-Hoc|iPhone.Build.0 = Ad-Hoc|iPhone
		{CE4DEDBD-0228-42B8-9D36-AE46484ADAED}.Ad-Hoc|iPhoneSimulator.ActiveCfg = Ad-Hoc|iPhoneSimulator
		{CE4DEDBD-0228-42B8-9D36-AE46484ADAED}.Ad-Hoc|iPhoneSimulator.Build.0 = Ad-Hoc|iPhoneSimulator
		{CE4DEDBD-0228-42B8-9D36-AE46484ADAED}.AppStore|Any CPU.ActiveCfg = AppStore|iPhone
		{CE4DEDBD-0228-42B8-9D36-AE46484ADAED}.AppStore|iPhone.ActiveCfg = AppStore|iPhone
		{CE4DEDBD-0228-42B8-9D36-AE46484ADAED}.AppStore|iPhone.Build.0 = AppStore|iPhone
		{CE4DEDBD-0228-42B8-9D36-AE46484ADAED}.AppStore|iPhoneSimulator.ActiveCfg = AppStore|iPhoneSimulator
		{CE4DEDBD-0228-42B8-9D36-AE46484ADAED}.AppStore|iPhoneSimulator.Build.0 = AppStore|iPhoneSimulator
		{CE4DEDBD-0228-42B8-9D36-AE46484ADAED}.Debug|Any CPU.ActiveCfg = Debug|iPhone
		{CE4DEDBD-0228-42B8-9D36-AE46484ADAED}.Debug|iPhone.ActiveCfg = Debug|iPhone
		{CE4DEDBD-0228-42B8-9D36-AE46484ADAED}.Debug|iPhone.Build.0 = Debug|iPhone
		{CE4DEDBD-0228-42B8-9D36-AE46484ADAED}.Debug|iPhoneSimulator.ActiveCfg = Debug|iPhoneSimulator
		{CE4DEDBD-0228-42B8-9D36-AE46484ADAED}.Debug|iPhoneSimulator.Build.0 = Debug|iPhoneSimulator
		{CE4DEDBD-0228-42B8-9D36-AE46484ADAED}.Release|Any CPU.ActiveCfg = Release|iPhone
		{CE4DEDBD-0228-42B8-9D36-AE46484ADAED}.Release|iPhone.ActiveCfg = Release|iPhone
		{CE4DEDBD-0228-42B8-9D36-AE46484ADAED}.Release|iPhone.Build.0 = Release|iPhone
		{CE4DEDBD-0228-42B8-9D36-AE46484ADAED}.Release|iPhoneSimulator.ActiveCfg = Release|iPhoneSimulator
		{CE4DEDBD-0228-42B8-9D36-AE46484ADAED}.Release|iPhoneSimulator.Build.0 = Release|iPhoneSimulator
	EndGlobalSection
	GlobalSection(SolutionProperties) = preSolution
		HideSolutionNode = FALSE
	EndGlobalSection
EndGlobal
